
Microsoft Visual Studio Solution File, Format Version 12.00
# Visual Studio Version 17
VisualStudioVersion = 17.2.32526.322
MinimumVisualStudioVersion = 10.0.40219.1
Project("{FAE04EC0-301F-11D3-BF4B-00C04F79EFBC}") = "ICExtraDeployers", "ICExtraDeployers\ICExtraDeployers.csproj", "{286416D2-E6DD-4A6F-9BC7-E3032DA72BB5}"
EndProject
Global
	GlobalSection(SolutionConfigurationPlatforms) = preSolution
		Debug|Any CPU = Debug|Any CPU
		Release|Any CPU = Release|Any CPU
	EndGlobalSection
	GlobalSection(ProjectConfigurationPlatforms) = postSolution
		{286416D2-E6DD-4A6F-9BC7-E3032DA72BB5}.Debug|Any CPU.ActiveCfg = Debug|Any CPU
		{286416D2-E6DD-4A6F-9BC7-E3032DA72BB5}.Debug|Any CPU.Build.0 = Debug|Any CPU
		{286416D2-E6DD-4A6F-9BC7-E3032DA72BB5}.Release|Any CPU.ActiveCfg = Release|Any CPU
		{286416D2-E6DD-4A6F-9BC7-E3032DA72BB5}.Release|Any CPU.Build.0 = Release|Any CPU
	EndGlobalSection
	GlobalSection(SolutionProperties) = preSolution
		HideSolutionNode = FALSE
	EndGlobalSection
	GlobalSection(ExtensibilityGlobals) = postSolution
		SolutionGuid = {B555CB48-01B9-4D27-BDB2-0A785C9592F4}
	EndGlobalSection
EndGlobal
